// !$*UTF8*$!
{
	archiveVersion = 1;
	classes = {
	};
	objectVersion = 77;
	objects = {

/* Begin PBXBuildFile section */
		2BC931052FA70F0100DBA5C3 /* PoleSharedKit in Frameworks */ = {isa = PBXBuildFile; productRef = 2BC931032FA70F0100DBA5C3 /* PoleSharedKit */; };
		2BC931062FA70F0100DBA5C3 /* PoleDesignSystem in Frameworks */ = {isa = PBXBuildFile; productRef = 2BC931042FA70F0100DBA5C3 /* PoleDesignSystem */; };
		2BC931072FA70F0100DBA5C3 /* PoleDomain in Frameworks */ = {isa = PBXBuildFile; productRef = 2BC931082FA70F0100DBA5C3 /* PoleDomain */; };
		2BC9310A2FA70F0100DBA5C3 /* PoleMotorsportKit in Frameworks */ = {isa = PBXBuildFile; productRef = 2BC9310B2FA70F0100DBA5C3 /* PoleMotorsportKit */; };
/* End PBXBuildFile section */

/* Begin PBXContainerItemProxy section */
		2BC930BB2FA706F700DBA5C3 /* PBXContainerItemProxy */ = {
			isa = PBXContainerItemProxy;
			containerPortal = 2BC930A32FA706F600DBA5C3 /* Project object */;
			proxyType = 1;
			remoteGlobalIDString = 2BC930AA2FA706F600DBA5C3;
			remoteInfo = Pole;
		};
		2BC930C52FA706F700DBA5C3 /* PBXContainerItemProxy */ = {
			isa = PBXContainerItemProxy;
			containerPortal = 2BC930A32FA706F600DBA5C3 /* Project object */;
			proxyType = 1;
			remoteGlobalIDString = 2BC930AA2FA706F600DBA5C3;
			remoteInfo = Pole;
		};
/* End PBXContainerItemProxy section */

/* Begin PBXFileReference section */
		2BC930AB2FA706F600DBA5C3 /* Pole.app */ = {isa = PBXFileReference; explicitFileType = wrapper.application; includeInIndex = 0; path = Pole.app; sourceTree = BUILT_PRODUCTS_DIR; };
		2BC930BA2FA706F700DBA5C3 /* PoleTests.xctest */ = {isa = PBXFileReference; explicitFileType = wrapper.cfbundle; includeInIndex = 0; path = PoleTests.xctest; sourceTree = BUILT_PRODUCTS_DIR; };
		2BC930C42FA706F700DBA5C3 /* PoleUITests.xctest */ = {isa = PBXFileReference; explicitFileType = wrapper.cfbundle; includeInIndex = 0; path = PoleUITests.xctest; sourceTree = BUILT_PRODUCTS_DIR; };
/* End PBXFileReference section */

/* Begin PBXFileSystemSynchronizedRootGroup section */
		2BC930AD2FA706F600DBA5C3 /* Pole */ = {
			isa = PBXFileSystemSynchronizedRootGroup;
			path = Pole;
			sourceTree = "<group>";
		};
		2BC930BD2FA706F700DBA5C3 /* PoleTests */ = {
			isa = PBXFileSystemSynchronizedRootGroup;
			path = PoleTests;
			sourceTree = "<group>";
		};
		2BC930C72FA706F700DBA5C3 /* PoleUITests */ = {
			isa = PBXFileSystemSynchronizedRootGroup;
			path = PoleUITests;
			sourceTree = "<group>";
		};
/* End PBXFileSystemSynchronizedRootGroup section */

/* Begin PBXFrameworksBuildPhase section */
		2BC930A82FA706F600DBA5C3 /* Frameworks */ = {
			isa = PBXFrameworksBuildPhase;
			buildActionMask = 2147483647;
			files = (
				2BC931052FA70F0100DBA5C3 /* PoleSharedKit in Frameworks */,
				2BC931062FA70F0100DBA5C3 /* PoleDesignSystem in Frameworks */,
				2BC931072FA70F0100DBA5C3 /* PoleDomain in Frameworks */,
				2BC9310A2FA70F0100DBA5C3 /* PoleMotorsportKit in Frameworks */,
			);
			runOnlyForDeploymentPostprocessing = 0;
		};
		2BC930B72FA706F700DBA5C3 /* Frameworks */ = {
			isa = PBXFrameworksBuildPhase;
			buildActionMask = 2147483647;
			files = (
			);
			runOnlyForDeploymentPostprocessing = 0;
		};
		2BC930C12FA706F700DBA5C3 /* Frameworks */ = {
			isa = PBXFrameworksBuildPhase;
			buildActionMask = 2147483647;
			files = (
			);
			runOnlyForDeploymentPostprocessing = 0;
		};
/* End PBXFrameworksBuildPhase section */

/* Begin PBXGroup section */
		2BC930A22FA706F600DBA5C3 = {
			isa = PBXGroup;
			children = (
				2BC930AD2FA706F600DBA5C3 /* Pole */,
				2BC930BD2FA706F700DBA5C3 /* PoleTests */,
				2BC930C72FA706F700DBA5C3 /* PoleUITests */,
				2BC930AC2FA706F600DBA5C3 /* Products */,
			);
			sourceTree = "<group>";
		};
		2BC930AC2FA706F600DBA5C3 /* Products */ = {
			isa = PBXGroup;
			children = (
				2BC930AB2FA706F600DBA5C3 /* Pole.app */,
				2BC930BA2FA706F700DBA5C3 /* PoleTests.xctest */,
				2BC930C42FA706F700DBA5C3 /* PoleUITests.xctest */,
			);
			name = Products;
			sourceTree = "<group>";
		};
/* End PBXGroup section */

/* Begin PBXNativeTarget section */
		2BC930AA2FA706F600DBA5C3 /* Pole */ = {
			isa = PBXNativeTarget;
			buildConfigurationList = 2BC930CE2FA706F700DBA5C3 /* Build configuration list for PBXNativeTarget "Pole" */;
			buildPhases = (
				2BC930A72FA706F600DBA5C3 /* Sources */,
				2BC930A82FA706F600DBA5C3 /* Frameworks */,
				2BC930A92FA706F600DBA5C3 /* Resources */,
			);
			buildRules = (
			);
			dependencies = (
			);
			fileSystemSynchronizedGroups = (
				2BC930AD2FA706F600DBA5C3 /* Pole */,
			);
			name = Pole;
			packageProductDependencies = (
				2BC931032FA70F0100DBA5C3 /* PoleSharedKit */,
				2BC931042FA70F0100DBA5C3 /* PoleDesignSystem */,
				2BC931082FA70F0100DBA5C3 /* PoleDomain */,
				2BC9310B2FA70F0100DBA5C3 /* PoleMotorsportKit */,
			);
			productName = Pole;
			productReference = 2BC930AB2FA706F600DBA5C3 /* Pole.app */;
			productType = "com.apple.product-type.application";
		};
		2BC930B92FA706F700DBA5C3 /* PoleTests */ = {
			isa = PBXNativeTarget;
			buildConfigurationList = 2BC930D12FA706F700DBA5C3 /* Build configuration list for PBXNativeTarget "PoleTests" */;
			buildPhases = (
				2BC930B62FA706F700DBA5C3 /* Sources */,
				2BC930B72FA706F700DBA5C3 /* Frameworks */,
				2BC930B82FA706F700DBA5C3 /* Resources */,
			);
			buildRules = (
			);
			dependencies = (
				2BC930BC2FA706F700DBA5C3 /* PBXTargetDependency */,
			);
			fileSystemSynchronizedGroups = (
				2BC930BD2FA706F700DBA5C3 /* PoleTests */,
			);
			name = PoleTests;
			packageProductDependencies = (
			);
			productName = PoleTests;
			productReference = 2BC930BA2FA706F700DBA5C3 /* PoleTests.xctest */;
			productType = "com.apple.product-type.bundle.unit-test";
		};
		2BC930C32FA706F700DBA5C3 /* PoleUITests */ = {
			isa = PBXNativeTarget;
			buildConfigurationList = 2BC930D42FA706F700DBA5C3 /* Build configuration list for PBXNativeTarget "PoleUITests" */;
			buildPhases = (
				2BC930C02FA706F700DBA5C3 /* Sources */,
				2BC930C12FA706F700DBA5C3 /* Frameworks */,
				2BC930C22FA706F700DBA5C3 /* Resources */,
			);
			buildRules = (
			);
			dependencies = (
				2BC930C62FA706F700DBA5C3 /* PBXTargetDependency */,
			);
			fileSystemSynchronizedGroups = (
				2BC930C72FA706F700DBA5C3 /* PoleUITests */,
			);
			name = PoleUITests;
			packageProductDependencies = (
			);
			productName = PoleUITests;
			productReference = 2BC930C42FA706F700DBA5C3 /* PoleUITests.xctest */;
			productType = "com.apple.product-type.bundle.ui-testing";
		};
/* End PBXNativeTarget section */

/* Begin PBXProject section */
		2BC930A32FA706F600DBA5C3 /* Project object */ = {
			isa = PBXProject;
			attributes = {
				BuildIndependentTargetsInParallel = 1;
				LastSwiftUpdateCheck = 2630;
				LastUpgradeCheck = 2630;
				TargetAttributes = {
					2BC930AA2FA706F600DBA5C3 = {
						CreatedOnToolsVersion = 26.3;
					};
					2BC930B92FA706F700DBA5C3 = {
						CreatedOnToolsVersion = 26.3;
						TestTargetID = 2BC930AA2FA706F600DBA5C3;
					};
					2BC930C32FA706F700DBA5C3 = {
						CreatedOnToolsVersion = 26.3;
						TestTargetID = 2BC930AA2FA706F600DBA5C3;
					};
				};
			};
			buildConfigurationList = 2BC930A62FA706F600DBA5C3 /* Build configuration list for PBXProject "Pole" */;
			developmentRegion = en;
			hasScannedForEncodings = 0;
			knownRegions = (
				en,
				Base,
			);
			mainGroup = 2BC930A22FA706F600DBA5C3;
			minimizedProjectReferenceProxies = 1;
			packageReferences = (
				2BC931012FA70F0100DBA5C3 /* XCLocalSwiftPackageReference "Packages/PoleSharedKit" */,
				2BC931022FA70F0100DBA5C3 /* XCLocalSwiftPackageReference "Packages/PoleDesignSystem" */,
				2BC931092FA70F0100DBA5C3 /* XCLocalSwiftPackageReference "Packages/PoleDomain" */,
				2BC9310C2FA70F0100DBA5C3 /* XCLocalSwiftPackageReference "Packages/PoleMotorsportKit" */,
			);
			preferredProjectObjectVersion = 77;
			productRefGroup = 2BC930AC2FA706F600DBA5C3 /* Products */;
			projectDirPath = "";
			projectRoot = "";
			targets = (
				2BC930AA2FA706F600DBA5C3 /* Pole */,
				2BC930B92FA706F700DBA5C3 /* PoleTests */,
				2BC930C32FA706F700DBA5C3 /* PoleUITests */,
			);
		};
/* End PBXProject section */

/* Begin PBXResourcesBuildPhase section */
		2BC930A92FA706F600DBA5C3 /* Resources */ = {
			isa = PBXResourcesBuildPhase;
			buildActionMask = 2147483647;
			files = (
			);
			runOnlyForDeploymentPostprocessing = 0;
		};
		2BC930B82FA706F700DBA5C3 /* Resources */ = {
			isa = PBXResourcesBuildPhase;
			buildActionMask = 2147483647;
			files = (
			);
			runOnlyForDeploymentPostprocessing = 0;
		};
		2BC930C22FA706F700DBA5C3 /* Resources */ = {
			isa = PBXResourcesBuildPhase;
			buildActionMask = 2147483647;
			files = (
			);
			runOnlyForDeploymentPostprocessing = 0;
		};
/* End PBXResourcesBuildPhase section */

/* Begin PBXSourcesBuildPhase section */
		2BC930A72FA706F600DBA5C3 /* Sources */ = {
			isa = PBXSourcesBuildPhase;
			buildActionMask = 2147483647;
			files = (
			);
			runOnlyForDeploymentPostprocessing = 0;
		};
		2BC930B62FA706F700DBA5C3 /* Sources */ = {
			isa = PBXSourcesBuildPhase;
			buildActionMask = 2147483647;
			files = (
			);
			runOnlyForDeploymentPostprocessing = 0;
		};
		2BC930C02FA706F700DBA5C3 /* Sources */ = {
			isa = PBXSourcesBuildPhase;
			buildActionMask = 2147483647;
			files = (
			);
			runOnlyForDeploymentPostprocessing = 0;
		};
/* End PBXSourcesBuildPhase section */

/* Begin PBXTargetDependency section */
		2BC930BC2FA706F700DBA5C3 /* PBXTargetDependency */ = {
			isa = PBXTargetDependency;
			target = 2BC930AA2FA706F600DBA5C3 /* Pole */;
			targetProxy = 2BC930BB2FA706F700DBA5C3 /* PBXContainerItemProxy */;
		};
		2BC930C62FA706F700DBA5C3 /* PBXTargetDependency */ = {
			isa = PBXTargetDependency;
			target = 2BC930AA2FA706F600DBA5C3 /* Pole */;
			targetProxy = 2BC930C52FA706F700DBA5C3 /* PBXContainerItemProxy */;
		};
/* End PBXTargetDependency section */

/* Begin XCBuildConfiguration section */
		2BC930CC2FA706F700DBA5C3 /* Debug */ = {
			isa = XCBuildConfiguration;
			buildSettings = {
				ALWAYS_SEARCH_USER_PATHS = NO;
				ASSETCATALOG_COMPILER_GENERATE_SWIFT_ASSET_SYMBOL_EXTENSIONS = YES;
				CLANG_ANALYZER_NONNULL = YES;
				CLANG_ANALYZER_NUMBER_OBJECT_CONVERSION = YES_AGGRESSIVE;
				CLANG_CXX_LANGUAGE_STANDARD = "gnu++20";
				CLANG_ENABLE_MODULES = YES;
				CLANG_ENABLE_OBJC_ARC = YES;
				CLANG_ENABLE_OBJC_WEAK = YES;
				CLANG_WARN_BLOCK_CAPTURE_AUTORELEASING = YES;
				CLANG_WARN_BOOL_CONVERSION = YES;
				CLANG_WARN_COMMA = YES;
				CLANG_WARN_CONSTANT_CONVERSION = YES;
				CLANG_WARN_DEPRECATED_OBJC_IMPLEMENTATIONS = YES;
				CLANG_WARN_DIRECT_OBJC_ISA_USAGE = YES_ERROR;
				CLANG_WARN_DOCUMENTATION_COMMENTS = YES;
				CLANG_WARN_EMPTY_BODY = YES;
				CLANG_WARN_ENUM_CONVERSION = YES;
				CLANG_WARN_INFINITE_RECURSION = YES;
				CLANG_WARN_INT_CONVERSION = YES;
				CLANG_WARN_NON_LITERAL_NULL_CONVERSION = YES;
				CLANG_WARN_OBJC_IMPLICIT_RETAIN_SELF = YES;
				CLANG_WARN_OBJC_LITERAL_CONVERSION = YES;
				CLANG_WARN_OBJC_ROOT_CLASS = YES_ERROR;
				CLANG_WARN_QUOTED_INCLUDE_IN_FRAMEWORK_HEADER = YES;
				CLANG_WARN_RANGE_LOOP_ANALYSIS = YES;
				CLANG_WARN_STRICT_PROTOTYPES = YES;
				CLANG_WARN_SUSPICIOUS_MOVE = YES;
				CLANG_WARN_UNGUARDED_AVAILABILITY = YES_AGGRESSIVE;
				CLANG_WARN_UNREACHABLE_CODE = YES;
				CLANG_WARN__DUPLICATE_METHOD_MATCH = YES;
				COPY_PHASE_STRIP = NO;
				DEBUG_INFORMATION_FORMAT = dwarf;
				ENABLE_STRICT_OBJC_MSGSEND = YES;
				ENABLE_TESTABILITY = YES;
				ENABLE_USER_SCRIPT_SANDBOXING = YES;
				GCC_C_LANGUAGE_STANDARD = gnu17;
				GCC_DYNAMIC_NO_PIC = NO;
				GCC_NO_COMMON_BLOCKS = YES;
				GCC_OPTIMIZATION_LEVEL = 0;
				GCC_PREPROCESSOR_DEFINITIONS = (
					"DEBUG=1",
					"$(inherited)",
				);
				GCC_WARN_64_TO_32_BIT_CONVERSION = YES;
				GCC_WARN_ABOUT_RETURN_TYPE = YES_ERROR;
				GCC_WARN_UNDECLARED_SELECTOR = YES;
				GCC_WARN_UNINITIALIZED_AUTOS = YES_AGGRESSIVE;
				GCC_WARN_UNUSED_FUNCTION = YES;
				GCC_WARN_UNUSED_VARIABLE = YES;
				IPHONEOS_DEPLOYMENT_TARGET = 26.2;
				LOCALIZATION_PREFERS_STRING_CATALOGS = YES;
				MTL_ENABLE_DEBUG_INFO = INCLUDE_SOURCE;
				MTL_FAST_MATH = YES;
				ONLY_ACTIVE_ARCH = YES;
				SDKROOT = iphoneos;
				SWIFT_ACTIVE_COMPILATION_CONDITIONS = "DEBUG $(inherited)";
				SWIFT_OPTIMIZATION_LEVEL = "-Onone";
			};
			name = Debug;
		};
		2BC930CD2FA706F700DBA5C3 /* Release */ = {
			isa = XCBuildConfiguration;
			buildSettings = {
				ALWAYS_SEARCH_USER_PATHS = NO;
				ASSETCATALOG_COMPILER_GENERATE_SWIFT_ASSET_SYMBOL_EXTENSIONS = YES;
				CLANG_ANALYZER_NONNULL = YES;
				CLANG_ANALYZER_NUMBER_OBJECT_CONVERSION = YES_AGGRESSIVE;
				CLANG_CXX_LANGUAGE_STANDARD = "gnu++20";
				CLANG_ENABLE_MODULES = YES;
				CLANG_ENABLE_OBJC_ARC = YES;
				CLANG_ENABLE_OBJC_WEAK = YES;
				CLANG_WARN_BLOCK_CAPTURE_AUTORELEASING = YES;
				CLANG_WARN_BOOL_CONVERSION = YES;
				CLANG_WARN_COMMA = YES;
				CLANG_WARN_CONSTANT_CONVERSION = YES;
				CLANG_WARN_DEPRECATED_OBJC_IMPLEMENTATIONS = YES;
				CLANG_WARN_DIRECT_OBJC_ISA_USAGE = YES_ERROR;
				CLANG_WARN_DOCUMENTATION_COMMENTS = YES;
				CLANG_WARN_EMPTY_BODY = YES;
				CLANG_WARN_ENUM_CONVERSION = YES;
				CLANG_WARN_INFINITE_RECURSION = YES;
				CLANG_WARN_INT_CONVERSION = YES;
				CLANG_WARN_NON_LITERAL_NULL_CONVERSION = YES;
				CLANG_WARN_OBJC_IMPLICIT_RETAIN_SELF = YES;
				CLANG_WARN_OBJC_LITERAL_CONVERSION = YES;
				CLANG_WARN_OBJC_ROOT_CLASS = YES_ERROR;
				CLANG_WARN_QUOTED_INCLUDE_IN_FRAMEWORK_HEADER = YES;
				CLANG_WARN_RANGE_LOOP_ANALYSIS = YES;
				CLANG_WARN_STRICT_PROTOTYPES = YES;
				CLANG_WARN_SUSPICIOUS_MOVE = YES;
				CLANG_WARN_UNGUARDED_AVAILABILITY = YES_AGGRESSIVE;
				CLANG_WARN_UNREACHABLE_CODE = YES;
				CLANG_WARN__DUPLICATE_METHOD_MATCH = YES;
				COPY_PHASE_STRIP = NO;
				DEBUG_INFORMATION_FORMAT = "dwarf-with-dsym";
				ENABLE_NS_ASSERTIONS = NO;
				ENABLE_STRICT_OBJC_MSGSEND = YES;
				ENABLE_USER_SCRIPT_SANDBOXING = YES;
				GCC_C_LANGUAGE_STANDARD = gnu17;
				GCC_NO_COMMON_BLOCKS = YES;
				GCC_WARN_64_TO_32_BIT_CONVERSION = YES;
				GCC_WARN_ABOUT_RETURN_TYPE = YES_ERROR;
				GCC_WARN_UNDECLARED_SELECTOR = YES;
				GCC_WARN_UNINITIALIZED_AUTOS = YES_AGGRESSIVE;
				GCC_WARN_UNUSED_FUNCTION = YES;
				GCC_WARN_UNUSED_VARIABLE = YES;
				IPHONEOS_DEPLOYMENT_TARGET = 26.2;
				LOCALIZATION_PREFERS_STRING_CATALOGS = YES;
				MTL_ENABLE_DEBUG_INFO = NO;
				MTL_FAST_MATH = YES;
				SDKROOT = iphoneos;
				SWIFT_COMPILATION_MODE = wholemodule;
				VALIDATE_PRODUCT = YES;
			};
			name = Release;
		};
		2BC930CF2FA706F700DBA5C3 /* Debug */ = {
			isa = XCBuildConfiguration;
			buildSettings = {
				ASSETCATALOG_COMPILER_APPICON_NAME = AppIcon;
				ASSETCATALOG_COMPILER_GLOBAL_ACCENT_COLOR_NAME = AccentColor;
				CODE_SIGN_STYLE = Automatic;
				CURRENT_PROJECT_VERSION = 1;
				ENABLE_PREVIEWS = YES;
				GENERATE_INFOPLIST_FILE = YES;
				INFOPLIST_KEY_DSAPIKey = "$(DS_API_KEY)";
				INFOPLIST_KEY_NSCalendarsFullAccessUsageDescription = "用于把比赛加入你的日历做提醒";
				INFOPLIST_KEY_NSCalendarsWriteOnlyAccessUsageDescription = "用于把比赛加入你的日历做提醒";
				INFOPLIST_KEY_NSMicrophoneUsageDescription = "用于在 AI 助手里语音提问,不会上传录音";
				INFOPLIST_KEY_NSSpeechRecognitionUsageDescription = "用于把你的语音转成文字发给 AI";
				INFOPLIST_KEY_NSSupportsLiveActivities = YES;
				INFOPLIST_KEY_UIApplicationSceneManifest_Generation = YES;
				INFOPLIST_KEY_UIApplicationSupportsIndirectInputEvents = YES;
				INFOPLIST_KEY_UILaunchScreen_Generation = YES;
				INFOPLIST_KEY_UISupportedInterfaceOrientations_iPad = "UIInterfaceOrientationPortrait UIInterfaceOrientationPortraitUpsideDown UIInterfaceOrientationLandscapeLeft UIInterfaceOrientationLandscapeRight";
				INFOPLIST_KEY_UISupportedInterfaceOrientations_iPhone = "UIInterfaceOrientationPortrait UIInterfaceOrientationLandscapeLeft UIInterfaceOrientationLandscapeRight";
				LD_RUNPATH_SEARCH_PATHS = (
					"$(inherited)",
					"@executable_path/Frameworks",
				);
				MARKETING_VERSION = 1.0;
				PRODUCT_BUNDLE_IDENTIFIER = com.tiebowen.Pole;
				PRODUCT_NAME = "$(TARGET_NAME)";
				STRING_CATALOG_GENERATE_SYMBOLS = YES;
				SWIFT_APPROACHABLE_CONCURRENCY = YES;
				SWIFT_DEFAULT_ACTOR_ISOLATION = MainActor;
				SWIFT_EMIT_LOC_STRINGS = YES;
				SWIFT_UPCOMING_FEATURE_MEMBER_IMPORT_VISIBILITY = YES;
				SWIFT_VERSION = 5.0;
				TARGETED_DEVICE_FAMILY = "1,2";
			};
			name = Debug;
		};
		2BC930D02FA706F700DBA5C3 /* Release */ = {
			isa = XCBuildConfiguration;
			buildSettings = {
				ASSETCATALOG_COMPILER_APPICON_NAME = AppIcon;
				ASSETCATALOG_COMPILER_GLOBAL_ACCENT_COLOR_NAME = AccentColor;
				CODE_SIGN_STYLE = Automatic;
				CURRENT_PROJECT_VERSION = 1;
				ENABLE_PREVIEWS = YES;
				GENERATE_INFOPLIST_FILE = YES;
				INFOPLIST_KEY_DSAPIKey = "$(DS_API_KEY)";
				INFOPLIST_KEY_NSCalendarsFullAccessUsageDescription = "用于把比赛加入你的日历做提醒";
				INFOPLIST_KEY_NSCalendarsWriteOnlyAccessUsageDescription = "用于把比赛加入你的日历做提醒";
				INFOPLIST_KEY_NSMicrophoneUsageDescription = "用于在 AI 助手里语音提问,不会上传录音";
				INFOPLIST_KEY_NSSpeechRecognitionUsageDescription = "用于把你的语音转成文字发给 AI";
				INFOPLIST_KEY_NSSupportsLiveActivities = YES;
				INFOPLIST_KEY_UIApplicationSceneManifest_Generation = YES;
				INFOPLIST_KEY_UIApplicationSupportsIndirectInputEvents = YES;
				INFOPLIST_KEY_UILaunchScreen_Generation = YES;
				INFOPLIST_KEY_UISupportedInterfaceOrientations_iPad = "UIInterfaceOrientationPortrait UIInterfaceOrientationPortraitUpsideDown UIInterfaceOrientationLandscapeLeft UIInterfaceOrientationLandscapeRight";
				INFOPLIST_KEY_UISupportedInterfaceOrientations_iPhone = "UIInterfaceOrientationPortrait UIInterfaceOrientationLandscapeLeft UIInterfaceOrientationLandscapeRight";
				LD_RUNPATH_SEARCH_PATHS = (
					"$(inherited)",
					"@executable_path/Frameworks",
				);
				MARKETING_VERSION = 1.0;
				PRODUCT_BUNDLE_IDENTIFIER = com.tiebowen.Pole;
				PRODUCT_NAME = "$(TARGET_NAME)";
				STRING_CATALOG_GENERATE_SYMBOLS = YES;
				SWIFT_APPROACHABLE_CONCURRENCY = YES;
				SWIFT_DEFAULT_ACTOR_ISOLATION = MainActor;
				SWIFT_EMIT_LOC_STRINGS = YES;
				SWIFT_UPCOMING_FEATURE_MEMBER_IMPORT_VISIBILITY = YES;
				SWIFT_VERSION = 5.0;
				TARGETED_DEVICE_FAMILY = "1,2";
			};
			name = Release;
		};
		2BC930D22FA706F700DBA5C3 /* Debug */ = {
			isa = XCBuildConfiguration;
			buildSettings = {
				BUNDLE_LOADER = "$(TEST_HOST)";
				CODE_SIGN_STYLE = Automatic;
				CURRENT_PROJECT_VERSION = 1;
				GENERATE_INFOPLIST_FILE = YES;
				IPHONEOS_DEPLOYMENT_TARGET = 26.2;
				MARKETING_VERSION = 1.0;
				PRODUCT_BUNDLE_IDENTIFIER = com.tiebowen.PoleTests;
				PRODUCT_NAME = "$(TARGET_NAME)";
				STRING_CATALOG_GENERATE_SYMBOLS = NO;
				SWIFT_APPROACHABLE_CONCURRENCY = YES;
				SWIFT_EMIT_LOC_STRINGS = NO;
				SWIFT_UPCOMING_FEATURE_MEMBER_IMPORT_VISIBILITY = YES;
				SWIFT_VERSION = 5.0;
				TARGETED_DEVICE_FAMILY = "1,2";
				TEST_HOST = "$(BUILT_PRODUCTS_DIR)/Pole.app/$(BUNDLE_EXECUTABLE_FOLDER_PATH)/Pole";
			};
			name = Debug;
		};
		2BC930D32FA706F700DBA5C3 /* Release */ = {
			isa = XCBuildConfiguration;
			buildSettings = {
				BUNDLE_LOADER = "$(TEST_HOST)";
				CODE_SIGN_STYLE = Automatic;
				CURRENT_PROJECT_VERSION = 1;
				GENERATE_INFOPLIST_FILE = YES;
				IPHONEOS_DEPLOYMENT_TARGET = 26.2;
				MARKETING_VERSION = 1.0;
				PRODUCT_BUNDLE_IDENTIFIER = com.tiebowen.PoleTests;
				PRODUCT_NAME = "$(TARGET_NAME)";
				STRING_CATALOG_GENERATE_SYMBOLS = NO;
				SWIFT_APPROACHABLE_CONCURRENCY = YES;
				SWIFT_EMIT_LOC_STRINGS = NO;
				SWIFT_UPCOMING_FEATURE_MEMBER_IMPORT_VISIBILITY = YES;
				SWIFT_VERSION = 5.0;
				TARGETED_DEVICE_FAMILY = "1,2";
				TEST_HOST = "$(BUILT_PRODUCTS_DIR)/Pole.app/$(BUNDLE_EXECUTABLE_FOLDER_PATH)/Pole";
			};
			name = Release;
		};
		2BC930D52FA706F700DBA5C3 /* Debug */ = {
			isa = XCBuildConfiguration;
			buildSettings = {
				CODE_SIGN_STYLE = Automatic;
				CURRENT_PROJECT_VERSION = 1;
				GENERATE_INFOPLIST_FILE = YES;
				MARKETING_VERSION = 1.0;
				PRODUCT_BUNDLE_IDENTIFIER = com.tiebowen.PoleUITests;
				PRODUCT_NAME = "$(TARGET_NAME)";
				STRING_CATALOG_GENERATE_SYMBOLS = NO;
				SWIFT_APPROACHABLE_CONCURRENCY = YES;
				SWIFT_EMIT_LOC_STRINGS = NO;
				SWIFT_UPCOMING_FEATURE_MEMBER_IMPORT_VISIBILITY = YES;
				SWIFT_VERSION = 5.0;
				TARGETED_DEVICE_FAMILY = "1,2";
				TEST_TARGET_NAME = Pole;
			};
			name = Debug;
		};
		2BC930D62FA706F700DBA5C3 /* Release */ = {
			isa = XCBuildConfiguration;
			buildSettings = {
				CODE_SIGN_STYLE = Automatic;
				CURRENT_PROJECT_VERSION = 1;
				GENERATE_INFOPLIST_FILE = YES;
				MARKETING_VERSION = 1.0;
				PRODUCT_BUNDLE_IDENTIFIER = com.tiebowen.PoleUITests;
				PRODUCT_NAME = "$(TARGET_NAME)";
				STRING_CATALOG_GENERATE_SYMBOLS = NO;
				SWIFT_APPROACHABLE_CONCURRENCY = YES;
				SWIFT_EMIT_LOC_STRINGS = NO;
				SWIFT_UPCOMING_FEATURE_MEMBER_IMPORT_VISIBILITY = YES;
				SWIFT_VERSION = 5.0;
				TARGETED_DEVICE_FAMILY = "1,2";
				TEST_TARGET_NAME = Pole;
			};
			name = Release;
		};
/* End XCBuildConfiguration section */

/* Begin XCConfigurationList section */
		2BC930A62FA706F600DBA5C3 /* Build configuration list for PBXProject "Pole" */ = {
			isa = XCConfigurationList;
			buildConfigurations = (
				2BC930CC2FA706F700DBA5C3 /* Debug */,
				2BC930CD2FA706F700DBA5C3 /* Release */,
			);
			defaultConfigurationIsVisible = 0;
			defaultConfigurationName = Release;
		};
		2BC930CE2FA706F700DBA5C3 /* Build configuration list for PBXNativeTarget "Pole" */ = {
			isa = XCConfigurationList;
			buildConfigurations = (
				2BC930CF2FA706F700DBA5C3 /* Debug */,
				2BC930D02FA706F700DBA5C3 /* Release */,
			);
			defaultConfigurationIsVisible = 0;
			defaultConfigurationName = Release;
		};
		2BC930D12FA706F700DBA5C3 /* Build configuration list for PBXNativeTarget "PoleTests" */ = {
			isa = XCConfigurationList;
			buildConfigurations = (
				2BC930D22FA706F700DBA5C3 /* Debug */,
				2BC930D32FA706F700DBA5C3 /* Release */,
			);
			defaultConfigurationIsVisible = 0;
			defaultConfigurationName = Release;
		};
		2BC930D42FA706F700DBA5C3 /* Build configuration list for PBXNativeTarget "PoleUITests" */ = {
			isa = XCConfigurationList;
			buildConfigurations = (
				2BC930D52FA706F700DBA5C3 /* Debug */,
				2BC930D62FA706F700DBA5C3 /* Release */,
			);
			defaultConfigurationIsVisible = 0;
			defaultConfigurationName = Release;
		};
/* End XCConfigurationList section */

/* Begin XCLocalSwiftPackageReference section */
		2BC931012FA70F0100DBA5C3 /* XCLocalSwiftPackageReference "Packages/PoleSharedKit" */ = {
			isa = XCLocalSwiftPackageReference;
			relativePath = Packages/PoleSharedKit;
		};
		2BC931022FA70F0100DBA5C3 /* XCLocalSwiftPackageReference "Packages/PoleDesignSystem" */ = {
			isa = XCLocalSwiftPackageReference;
			relativePath = Packages/PoleDesignSystem;
		};
		2BC931092FA70F0100DBA5C3 /* XCLocalSwiftPackageReference "Packages/PoleDomain" */ = {
			isa = XCLocalSwiftPackageReference;
			relativePath = Packages/PoleDomain;
		};
		2BC9310C2FA70F0100DBA5C3 /* XCLocalSwiftPackageReference "Packages/PoleMotorsportKit" */ = {
			isa = XCLocalSwiftPackageReference;
			relativePath = Packages/PoleMotorsportKit;
		};
/* End XCLocalSwiftPackageReference section */

/* Begin XCSwiftPackageProductDependency section */
		2BC931032FA70F0100DBA5C3 /* PoleSharedKit */ = {
			isa = XCSwiftPackageProductDependency;
			productName = PoleSharedKit;
		};
		2BC931042FA70F0100DBA5C3 /* PoleDesignSystem */ = {
			isa = XCSwiftPackageProductDependency;
			productName = PoleDesignSystem;
		};
		2BC931082FA70F0100DBA5C3 /* PoleDomain */ = {
			isa = XCSwiftPackageProductDependency;
			productName = PoleDomain;
		};
		2BC9310B2FA70F0100DBA5C3 /* PoleMotorsportKit */ = {
			isa = XCSwiftPackageProductDependency;
			productName = PoleMotorsportKit;
		};
/* End XCSwiftPackageProductDependency section */
	};
	rootObject = 2BC930A32FA706F600DBA5C3 /* Project object */;
}
